
Microsoft Visual Studio Solution File, Format Version 12.00
# Visual Studio Version 17
VisualStudioVersion = 17.0.32014.148
MinimumVisualStudioVersion = 10.0.40219.1
Project("{FAE04EC0-301F-11D3-BF4B-00C04F79EFBC}") = "Ethereal", "Ethereal\Ethereal.csproj", "{5024A505-260B-470F-AAB0-1D127843FE3E}"
EndProject
Global
	GlobalSection(SolutionConfigurationPlatforms) = preSolution
		Debug|Any CPU = Debug|Any CPU
		Release|Any CPU = Release|Any CPU
	EndGlobalSection
	GlobalSection(ProjectConfigurationPlatforms) = postSolution
		{5024A505-260B-470F-AAB0-1D127843FE3E}.Debug|Any CPU.ActiveCfg = Debug|Any CPU
		{5024A505-260B-470F-AAB0-1D127843FE3E}.Debug|Any CPU.Build.0 = Debug|Any CPU
		{5024A505-260B-470F-AAB0-1D127843FE3E}.Release|Any CPU.ActiveCfg = Release|Any CPU
		{5024A505-260B-470F-AAB0-1D127843FE3E}.Release|Any CPU.Build.0 = Release|Any CPU
	EndGlobalSection
	GlobalSection(SolutionProperties) = preSolution
		HideSolutionNode = FALSE
	EndGlobalSection
	GlobalSection(ExtensibilityGlobals) = postSolution
		SolutionGuid = {1177241A-440E-4CF4-B18C-CF97C04F132F}
	EndGlobalSection
EndGlobal
